
Microsoft Visual Studio Solution File, Format Version 12.00
# Visual Studio Version 16
VisualStudioVersion = 16.0.29709.97
MinimumVisualStudioVersion = 10.0.40219.1
Project("{FAE04EC0-301F-11D3-BF4B-00C04F79EFBC}") = "Dsolver_simple", "Dsolver_simple\Dsolver_simple.csproj", "{730031E3-8128-4D92-9792-9CA0F622E5F2}"
EndProject
Global
	GlobalSection(SolutionConfigurationPlatforms) = preSolution
		Debug|Any CPU = Debug|Any CPU
		Release|Any CPU = Release|Any CPU
	EndGlobalSection
	GlobalSection(ProjectConfigurationPlatforms) = postSolution
		{730031E3-8128-4D92-9792-9CA0F622E5F2}.Debug|Any CPU.ActiveCfg = Debug|Any CPU
		{730031E3-8128-4D92-9792-9CA0F622E5F2}.Debug|Any CPU.Build.0 = Debug|Any CPU
		{730031E3-8128-4D92-9792-9CA0F622E5F2}.Release|Any CPU.ActiveCfg = Release|Any CPU
		{730031E3-8128-4D92-9792-9CA0F622E5F2}.Release|Any CPU.Build.0 = Release|Any CPU
	EndGlobalSection
	GlobalSection(SolutionProperties) = preSolution
		HideSolutionNode = FALSE
	EndGlobalSection
	GlobalSection(ExtensibilityGlobals) = postSolution
		SolutionGuid = {2E1B08D5-6399-43DD-88A9-5BC591998FBE}
	EndGlobalSection
EndGlobal
